
Microsoft Visual Studio Solution File, Format Version 12.00
# Visual Studio Version 16
VisualStudioVersion = 16.0.28803.352
MinimumVisualStudioVersion = 10.0.40219.1
Project("{9A19103F-16F7-4668-BE54-9A1E7A4F7556}") = "Monaco.Endpiont", "Monaco.Endpiont\Monaco.Endpiont.csproj", "{3DBFDB3B-F671-4093-8213-5A8DDD65FCC4}"
EndProject
Project("{FAE04EC0-301F-11D3-BF4B-00C04F79EFBC}") = "Monaco.DataHandler", "Monaco.DataHandler\Monaco.DataHandler.csproj", "{D2ADC44B-BB5D-446B-8F5A-CFE0DC80463F}"
EndProject
Project("{FAE04EC0-301F-11D3-BF4B-00C04F79EFBC}") = "Monaco.UnitTest", "Monaco.UnitTest\Monaco.UnitTest.csproj", "{F2DA853E-13C9-42E8-969B-A0918B018855}"
EndProject
Global
	GlobalSection(SolutionConfigurationPlatforms) = preSolution
		Debug|Any CPU = Debug|Any CPU
		Release|Any CPU = Release|Any CPU
	EndGlobalSection
	GlobalSection(ProjectConfigurationPlatforms) = postSolution
		{3DBFDB3B-F671-4093-8213-5A8DDD65FCC4}.Debug|Any CPU.ActiveCfg = Debug|Any CPU
		{3DBFDB3B-F671-4093-8213-5A8DDD65FCC4}.Debug|Any CPU.Build.0 = Debug|Any CPU
		{3DBFDB3B-F671-4093-8213-5A8DDD65FCC4}.Release|Any CPU.ActiveCfg = Release|Any CPU
		{3DBFDB3B-F671-4093-8213-5A8DDD65FCC4}.Release|Any CPU.Build.0 = Release|Any CPU
		{D2ADC44B-BB5D-446B-8F5A-CFE0DC80463F}.Debug|Any CPU.ActiveCfg = Debug|Any CPU
		{D2ADC44B-BB5D-446B-8F5A-CFE0DC80463F}.Debug|Any CPU.Build.0 = Debug|Any CPU
		{D2ADC44B-BB5D-446B-8F5A-CFE0DC80463F}.Release|Any CPU.ActiveCfg = Release|Any CPU
		{D2ADC44B-BB5D-446B-8F5A-CFE0DC80463F}.Release|Any CPU.Build.0 = Release|Any CPU
		{F2DA853E-13C9-42E8-969B-A0918B018855}.Debug|Any CPU.ActiveCfg = Debug|Any CPU
		{F2DA853E-13C9-42E8-969B-A0918B018855}.Debug|Any CPU.Build.0 = Debug|Any CPU
		{F2DA853E-13C9-42E8-969B-A0918B018855}.Release|Any CPU.ActiveCfg = Release|Any CPU
		{F2DA853E-13C9-42E8-969B-A0918B018855}.Release|Any CPU.Build.0 = Release|Any CPU
	EndGlobalSection
	GlobalSection(SolutionProperties) = preSolution
		HideSolutionNode = FALSE
	EndGlobalSection
	GlobalSection(ExtensibilityGlobals) = postSolution
		SolutionGuid = {2879D7F6-795A-4958-913A-70D91AC3D0A2}
	EndGlobalSection
EndGlobal
